
Microsoft Visual Studio Solution File, Format Version 12.00
# Visual Studio Version 17
VisualStudioVersion = 17.7.34031.279
MinimumVisualStudioVersion = 10.0.40219.1
Project("{FAE04EC0-301F-11D3-BF4B-00C04F79EFBC}") = "WebJob SPO", "WebJob SPO\WebJob SPO.csproj", "{2E53F14D-0114-4D9D-8E94-FDA5BF42976D}"
EndProject
Global
	GlobalSection(SolutionConfigurationPlatforms) = preSolution
		Debug|Any CPU = Debug|Any CPU
		Release|Any CPU = Release|Any CPU
	EndGlobalSection
	GlobalSection(ProjectConfigurationPlatforms) = postSolution
		{2E53F14D-0114-4D9D-8E94-FDA5BF42976D}.Debug|Any CPU.ActiveCfg = Debug|Any CPU
		{2E53F14D-0114-4D9D-8E94-FDA5BF42976D}.Debug|Any CPU.Build.0 = Debug|Any CPU
		{2E53F14D-0114-4D9D-8E94-FDA5BF42976D}.Release|Any CPU.ActiveCfg = Release|Any CPU
		{2E53F14D-0114-4D9D-8E94-FDA5BF42976D}.Release|Any CPU.Build.0 = Release|Any CPU
	EndGlobalSection
	GlobalSection(SolutionProperties) = preSolution
		HideSolutionNode = FALSE
	EndGlobalSection
	GlobalSection(ExtensibilityGlobals) = postSolution
		SolutionGuid = {06DED9A2-7D20-402C-A4C4-C079A80B80B4}
	EndGlobalSection
EndGlobal
